
Microsoft Visual Studio Solution File, Format Version 12.00
# Visual Studio Version 17
VisualStudioVersion = 17.11.35222.181
MinimumVisualStudioVersion = 10.0.40219.1
Project("{8BC9CEB8-8B4A-11D0-8D11-00A0C91BC942}") = "lab 10.2 A", "lab 10.2 A\lab 10.2 A.vcxproj", "{3246B8D3-5AB2-47A8-BF71-E77A84794068}"
EndProject
Project("{8BC9CEB8-8B4A-11D0-8D11-00A0C91BC942}") = "102", "102\102.vcxproj", "{9A2A0699-AAA4-475B-B7F4-1CC29200D3F5}"
EndProject
Global
	GlobalSection(SolutionConfigurationPlatforms) = preSolution
		Debug|x64 = Debug|x64
		Debug|x86 = Debug|x86
		Release|x64 = Release|x64
		Release|x86 = Release|x86
	EndGlobalSection
	GlobalSection(ProjectConfigurationPlatforms) = postSolution
		{3246B8D3-5AB2-47A8-BF71-E77A84794068}.Debug|x64.ActiveCfg = Debug|x64
		{3246B8D3-5AB2-47A8-BF71-E77A84794068}.Debug|x64.Build.0 = Debug|x64
		{3246B8D3-5AB2-47A8-BF71-E77A84794068}.Debug|x86.ActiveCfg = Debug|Win32
		{3246B8D3-5AB2-47A8-BF71-E77A84794068}.Debug|x86.Build.0 = Debug|Win32
		{3246B8D3-5AB2-47A8-BF71-E77A84794068}.Release|x64.ActiveCfg = Release|x64
		{3246B8D3-5AB2-47A8-BF71-E77A84794068}.Release|x64.Build.0 = Release|x64
		{3246B8D3-5AB2-47A8-BF71-E77A84794068}.Release|x86.ActiveCfg = Release|Win32
		{3246B8D3-5AB2-47A8-BF71-E77A84794068}.Release|x86.Build.0 = Release|Win32
		{9A2A0699-AAA4-475B-B7F4-1CC29200D3F5}.Debug|x64.ActiveCfg = Debug|x64
		{9A2A0699-AAA4-475B-B7F4-1CC29200D3F5}.Debug|x64.Build.0 = Debug|x64
		{9A2A0699-AAA4-475B-B7F4-1CC29200D3F5}.Debug|x86.ActiveCfg = Debug|Win32
		{9A2A0699-AAA4-475B-B7F4-1CC29200D3F5}.Debug|x86.Build.0 = Debug|Win32
		{9A2A0699-AAA4-475B-B7F4-1CC29200D3F5}.Release|x64.ActiveCfg = Release|x64
		{9A2A0699-AAA4-475B-B7F4-1CC29200D3F5}.Release|x64.Build.0 = Release|x64
		{9A2A0699-AAA4-475B-B7F4-1CC29200D3F5}.Release|x86.ActiveCfg = Release|Win32
		{9A2A0699-AAA4-475B-B7F4-1CC29200D3F5}.Release|x86.Build.0 = Release|Win32
	EndGlobalSection
	GlobalSection(SolutionProperties) = preSolution
		HideSolutionNode = FALSE
	EndGlobalSection
	GlobalSection(ExtensibilityGlobals) = postSolution
		SolutionGuid = {807D2D71-FC47-4150-87C4-528DEC82DB12}
	EndGlobalSection
EndGlobal
